
Microsoft Visual Studio Solution File, Format Version 12.00
Project("{FAE04EC0-301F-11D3-BF4B-00C04F79EFBC}") = "Template", "Function\Template.csproj", "{C1A052DD-30E5-45EC-93B3-B0BCF026C886}"
EndProject
Project("{FAE04EC0-301F-11D3-BF4B-00C04F79EFBC}") = "Template.Data", "Data\Template.Data.csproj", "{6E4898AA-664D-4A38-8229-2882A189A1C3}"
EndProject
Project("{FAE04EC0-301F-11D3-BF4B-00C04F79EFBC}") = "Template.Services", "Services\Template.Services.csproj", "{11AB4976-6710-4C0A-BE5F-1AFEEE670C84}"
EndProject
Global
	GlobalSection(SolutionConfigurationPlatforms) = preSolution
		Debug|Any CPU = Debug|Any CPU
		Release|Any CPU = Release|Any CPU
	EndGlobalSection
	GlobalSection(ProjectConfigurationPlatforms) = postSolution
		{C1A052DD-30E5-45EC-93B3-B0BCF026C886}.Debug|Any CPU.ActiveCfg = Debug|Any CPU
		{C1A052DD-30E5-45EC-93B3-B0BCF026C886}.Debug|Any CPU.Build.0 = Debug|Any CPU
		{C1A052DD-30E5-45EC-93B3-B0BCF026C886}.Release|Any CPU.ActiveCfg = Release|Any CPU
		{C1A052DD-30E5-45EC-93B3-B0BCF026C886}.Release|Any CPU.Build.0 = Release|Any CPU
		{6E4898AA-664D-4A38-8229-2882A189A1C3}.Debug|Any CPU.ActiveCfg = Debug|Any CPU
		{6E4898AA-664D-4A38-8229-2882A189A1C3}.Debug|Any CPU.Build.0 = Debug|Any CPU
		{6E4898AA-664D-4A38-8229-2882A189A1C3}.Release|Any CPU.ActiveCfg = Release|Any CPU
		{6E4898AA-664D-4A38-8229-2882A189A1C3}.Release|Any CPU.Build.0 = Release|Any CPU
		{11AB4976-6710-4C0A-BE5F-1AFEEE670C84}.Debug|Any CPU.ActiveCfg = Debug|Any CPU
		{11AB4976-6710-4C0A-BE5F-1AFEEE670C84}.Debug|Any CPU.Build.0 = Debug|Any CPU
		{11AB4976-6710-4C0A-BE5F-1AFEEE670C84}.Release|Any CPU.ActiveCfg = Release|Any CPU
		{11AB4976-6710-4C0A-BE5F-1AFEEE670C84}.Release|Any CPU.Build.0 = Release|Any CPU
	EndGlobalSection
EndGlobal
